
Microsoft Visual Studio Solution File, Format Version 12.00
# Visual Studio 14
VisualStudioVersion = 14.0.25420.1
MinimumVisualStudioVersion = 10.0.40219.1
Project("{FAE04EC0-301F-11D3-BF4B-00C04F79EFBC}") = "MyAwesomeProgram", "MyAwesomeProgram.csproj", "{B8BF65F5-CA5A-4BB3-B80C-6151F2F20A3F}"
EndProject
Global
	GlobalSection(SolutionConfigurationPlatforms) = preSolution
		Debug|Any CPU = Debug|Any CPU
		Release|Any CPU = Release|Any CPU
	EndGlobalSection
	GlobalSection(ProjectConfigurationPlatforms) = postSolution
		{B8BF65F5-CA5A-4BB3-B80C-6151F2F20A3F}.Debug|Any CPU.ActiveCfg = Debug|Any CPU
		{B8BF65F5-CA5A-4BB3-B80C-6151F2F20A3F}.Debug|Any CPU.Build.0 = Debug|Any CPU
		{B8BF65F5-CA5A-4BB3-B80C-6151F2F20A3F}.Release|Any CPU.ActiveCfg = Release|Any CPU
		{B8BF65F5-CA5A-4BB3-B80C-6151F2F20A3F}.Release|Any CPU.Build.0 = Release|Any CPU
	EndGlobalSection
	GlobalSection(SolutionProperties) = preSolution
		HideSolutionNode = FALSE
	EndGlobalSection
EndGlobal
